
Microsoft Visual Studio Solution File, Format Version 12.00
# Visual Studio Version 17
VisualStudioVersion = 17.5.002.0
MinimumVisualStudioVersion = 10.0.40219.1
Project("{9A19103F-16F7-4668-BE54-9A1E7A4F7556}") = "OperadoresLogicos", "OperadoresLogicos\OperadoresLogicos.csproj", "{EF8CADDF-D6D6-447F-A5A6-AFA5AF53A862}"
EndProject
Global
	GlobalSection(SolutionConfigurationPlatforms) = preSolution
		Debug|Any CPU = Debug|Any CPU
		Release|Any CPU = Release|Any CPU
	EndGlobalSection
	GlobalSection(ProjectConfigurationPlatforms) = postSolution
		{EF8CADDF-D6D6-447F-A5A6-AFA5AF53A862}.Debug|Any CPU.ActiveCfg = Debug|Any CPU
		{EF8CADDF-D6D6-447F-A5A6-AFA5AF53A862}.Debug|Any CPU.Build.0 = Debug|Any CPU
		{EF8CADDF-D6D6-447F-A5A6-AFA5AF53A862}.Release|Any CPU.ActiveCfg = Release|Any CPU
		{EF8CADDF-D6D6-447F-A5A6-AFA5AF53A862}.Release|Any CPU.Build.0 = Release|Any CPU
	EndGlobalSection
	GlobalSection(SolutionProperties) = preSolution
		HideSolutionNode = FALSE
	EndGlobalSection
	GlobalSection(ExtensibilityGlobals) = postSolution
		SolutionGuid = {64A3DA30-0E21-4206-B612-DF5E45BC92B9}
	EndGlobalSection
EndGlobal
